
Microsoft Visual Studio Solution File, Format Version 12.00
# Visual Studio Version 17
VisualStudioVersion = 17.11.35208.52
MinimumVisualStudioVersion = 10.0.40219.1
Project("{FAE04EC0-301F-11D3-BF4B-00C04F79EFBC}") = "Labb 1 - Douglas", "Labb 1 - Douglas\Labb 1 - Douglas.csproj", "{D3EC2209-DC90-42F2-B185-4A05AF0BCC74}"
EndProject
Global
	GlobalSection(SolutionConfigurationPlatforms) = preSolution
		Debug|Any CPU = Debug|Any CPU
		Release|Any CPU = Release|Any CPU
	EndGlobalSection
	GlobalSection(ProjectConfigurationPlatforms) = postSolution
		{D3EC2209-DC90-42F2-B185-4A05AF0BCC74}.Debug|Any CPU.ActiveCfg = Debug|Any CPU
		{D3EC2209-DC90-42F2-B185-4A05AF0BCC74}.Debug|Any CPU.Build.0 = Debug|Any CPU
		{D3EC2209-DC90-42F2-B185-4A05AF0BCC74}.Release|Any CPU.ActiveCfg = Release|Any CPU
		{D3EC2209-DC90-42F2-B185-4A05AF0BCC74}.Release|Any CPU.Build.0 = Release|Any CPU
	EndGlobalSection
	GlobalSection(SolutionProperties) = preSolution
		HideSolutionNode = FALSE
	EndGlobalSection
	GlobalSection(ExtensibilityGlobals) = postSolution
		SolutionGuid = {32640B71-86F2-4D29-8927-8C208E80AC2A}
	EndGlobalSection
EndGlobal
